
Microsoft Visual Studio Solution File, Format Version 12.00
# Visual Studio 15
VisualStudioVersion = 15.0.26430.6
MinimumVisualStudioVersion = 10.0.40219.1
Project("{FAE04EC0-301F-11D3-BF4B-00C04F79EFBC}") = "GeneAnnotationApi", "GeneAnnotationApi\GeneAnnotationApi.csproj", "{393C61D0-9125-4106-A472-01B442C4FFDD}"
EndProject
Project("{FAE04EC0-301F-11D3-BF4B-00C04F79EFBC}") = "GeneAnnotationApiTest", "GeneAnnotationApiTest\GeneAnnotationApiTest.csproj", "{19CEE68C-6D53-4CCB-A4A0-CD63C526ADA7}"
EndProject
Global
	GlobalSection(SolutionConfigurationPlatforms) = preSolution
		Debug|Any CPU = Debug|Any CPU
		Release|Any CPU = Release|Any CPU
	EndGlobalSection
	GlobalSection(ProjectConfigurationPlatforms) = postSolution
		{393C61D0-9125-4106-A472-01B442C4FFDD}.Debug|Any CPU.ActiveCfg = Debug|Any CPU
		{393C61D0-9125-4106-A472-01B442C4FFDD}.Debug|Any CPU.Build.0 = Debug|Any CPU
		{393C61D0-9125-4106-A472-01B442C4FFDD}.Release|Any CPU.ActiveCfg = Release|Any CPU
		{393C61D0-9125-4106-A472-01B442C4FFDD}.Release|Any CPU.Build.0 = Release|Any CPU
		{393C61D0-9125-4106-A472-01B442C4FFDD}.Debug|Any CPU.Deploy.0 = Debug|Any CPU
		{19CEE68C-6D53-4CCB-A4A0-CD63C526ADA7}.Debug|Any CPU.ActiveCfg = Debug|Any CPU
		{19CEE68C-6D53-4CCB-A4A0-CD63C526ADA7}.Debug|Any CPU.Build.0 = Debug|Any CPU
		{19CEE68C-6D53-4CCB-A4A0-CD63C526ADA7}.Release|Any CPU.ActiveCfg = Release|Any CPU
		{19CEE68C-6D53-4CCB-A4A0-CD63C526ADA7}.Release|Any CPU.Build.0 = Release|Any CPU
		{19CEE68C-6D53-4CCB-A4A0-CD63C526ADA7}.Debug|Any CPU.Deploy.0 = Debug|Any CPU
	EndGlobalSection
	GlobalSection(SolutionProperties) = preSolution
		HideSolutionNode = FALSE
	EndGlobalSection
EndGlobal
